
Microsoft Visual Studio Solution File, Format Version 12.00
# Visual Studio Version 16
VisualStudioVersion = 16.0.31911.196
MinimumVisualStudioVersion = 10.0.40219.1
Project("{FAE04EC0-301F-11D3-BF4B-00C04F79EFBC}") = "MyFirstDockerApp", "MyFirstDockerApp.csproj", "{838C7C45-16F2-4861-BE28-CB42E3B933DA}"
EndProject
Global
	GlobalSection(SolutionConfigurationPlatforms) = preSolution
		Debug|Any CPU = Debug|Any CPU
		Release|Any CPU = Release|Any CPU
	EndGlobalSection
	GlobalSection(ProjectConfigurationPlatforms) = postSolution
		{838C7C45-16F2-4861-BE28-CB42E3B933DA}.Debug|Any CPU.ActiveCfg = Debug|Any CPU
		{838C7C45-16F2-4861-BE28-CB42E3B933DA}.Debug|Any CPU.Build.0 = Debug|Any CPU
		{838C7C45-16F2-4861-BE28-CB42E3B933DA}.Release|Any CPU.ActiveCfg = Release|Any CPU
		{838C7C45-16F2-4861-BE28-CB42E3B933DA}.Release|Any CPU.Build.0 = Release|Any CPU
	EndGlobalSection
	GlobalSection(SolutionProperties) = preSolution
		HideSolutionNode = FALSE
	EndGlobalSection
	GlobalSection(ExtensibilityGlobals) = postSolution
		SolutionGuid = {CC87B3F2-D6EC-4FDF-957D-17CD12ABD9A0}
	EndGlobalSection
EndGlobal
