
Microsoft Visual Studio Solution File, Format Version 12.00
# Visual Studio Version 16
VisualStudioVersion = 16.0.31911.196
MinimumVisualStudioVersion = 10.0.40219.1
Project("{FAE04EC0-301F-11D3-BF4B-00C04F79EFBC}") = "MyMVCDockerApp", "MyMVCDockerApp.csproj", "{82029284-CBBE-43CC-910D-3F5420B796CC}"
EndProject
Global
	GlobalSection(SolutionConfigurationPlatforms) = preSolution
		Debug|Any CPU = Debug|Any CPU
		Release|Any CPU = Release|Any CPU
	EndGlobalSection
	GlobalSection(ProjectConfigurationPlatforms) = postSolution
		{82029284-CBBE-43CC-910D-3F5420B796CC}.Debug|Any CPU.ActiveCfg = Debug|Any CPU
		{82029284-CBBE-43CC-910D-3F5420B796CC}.Debug|Any CPU.Build.0 = Debug|Any CPU
		{82029284-CBBE-43CC-910D-3F5420B796CC}.Release|Any CPU.ActiveCfg = Release|Any CPU
		{82029284-CBBE-43CC-910D-3F5420B796CC}.Release|Any CPU.Build.0 = Release|Any CPU
	EndGlobalSection
	GlobalSection(SolutionProperties) = preSolution
		HideSolutionNode = FALSE
	EndGlobalSection
	GlobalSection(ExtensibilityGlobals) = postSolution
		SolutionGuid = {8D8FD22A-1270-4D8A-8F8D-3228C3E5B57A}
	EndGlobalSection
EndGlobal
