
Microsoft Visual Studio Solution File, Format Version 12.00
# Visual Studio Version 17
VisualStudioVersion = 17.13.35931.197 d17.13
MinimumVisualStudioVersion = 10.0.40219.1
Project("{FAE04EC0-301F-11D3-BF4B-00C04F79EFBC}") = "SampleApp", "SampleApp\SampleApp.csproj", "{77FEE8FB-81EF-41DB-8673-6124101159A4}"
EndProject
Global
	GlobalSection(SolutionConfigurationPlatforms) = preSolution
		Debug|Any CPU = Debug|Any CPU
		Release|Any CPU = Release|Any CPU
	EndGlobalSection
	GlobalSection(ProjectConfigurationPlatforms) = postSolution
		{77FEE8FB-81EF-41DB-8673-6124101159A4}.Debug|Any CPU.ActiveCfg = Debug|Any CPU
		{77FEE8FB-81EF-41DB-8673-6124101159A4}.Debug|Any CPU.Build.0 = Debug|Any CPU
		{77FEE8FB-81EF-41DB-8673-6124101159A4}.Release|Any CPU.ActiveCfg = Release|Any CPU
		{77FEE8FB-81EF-41DB-8673-6124101159A4}.Release|Any CPU.Build.0 = Release|Any CPU
	EndGlobalSection
	GlobalSection(SolutionProperties) = preSolution
		HideSolutionNode = FALSE
	EndGlobalSection
	GlobalSection(ExtensibilityGlobals) = postSolution
		SolutionGuid = {EC6F054A-DEFB-456A-8CF5-1BC265FE0021}
	EndGlobalSection
EndGlobal
