
Microsoft Visual Studio Solution File, Format Version 12.00
# Visual Studio Version 16
VisualStudioVersion = 16.0.30114.105
MinimumVisualStudioVersion = 10.0.40219.1
Project("{FAE04EC0-301F-11D3-BF4B-00C04F79EFBC}") = "DockerTestApp1", "DockerTestApp1\DockerTestApp1.csproj", "{673D83C5-4633-4A05-B1C6-FF46C27E85B2}"
EndProject
Project("{E53339B2-1760-4266-BCC7-CA923CBCF16C}") = "docker-compose", "docker-compose.dcproj", "{BF6B3504-886A-4656-86F2-0346DF48941A}"
EndProject
Global
	GlobalSection(SolutionConfigurationPlatforms) = preSolution
		Debug|Any CPU = Debug|Any CPU
		Release|Any CPU = Release|Any CPU
	EndGlobalSection
	GlobalSection(ProjectConfigurationPlatforms) = postSolution
		{673D83C5-4633-4A05-B1C6-FF46C27E85B2}.Debug|Any CPU.ActiveCfg = Debug|Any CPU
		{673D83C5-4633-4A05-B1C6-FF46C27E85B2}.Debug|Any CPU.Build.0 = Debug|Any CPU
		{673D83C5-4633-4A05-B1C6-FF46C27E85B2}.Release|Any CPU.ActiveCfg = Release|Any CPU
		{673D83C5-4633-4A05-B1C6-FF46C27E85B2}.Release|Any CPU.Build.0 = Release|Any CPU
		{BF6B3504-886A-4656-86F2-0346DF48941A}.Debug|Any CPU.ActiveCfg = Debug|Any CPU
		{BF6B3504-886A-4656-86F2-0346DF48941A}.Debug|Any CPU.Build.0 = Debug|Any CPU
		{BF6B3504-886A-4656-86F2-0346DF48941A}.Release|Any CPU.ActiveCfg = Release|Any CPU
		{BF6B3504-886A-4656-86F2-0346DF48941A}.Release|Any CPU.Build.0 = Release|Any CPU
	EndGlobalSection
	GlobalSection(SolutionProperties) = preSolution
		HideSolutionNode = FALSE
	EndGlobalSection
	GlobalSection(ExtensibilityGlobals) = postSolution
		SolutionGuid = {82C049ED-F543-4244-8CB1-6BBE9805C386}
	EndGlobalSection
EndGlobal
