
Microsoft Visual Studio Solution File, Format Version 12.00
# Visual Studio Version 16
VisualStudioVersion = 16.0.30413.136
MinimumVisualStudioVersion = 10.0.40219.1
Project("{9A19103F-16F7-4668-BE54-9A1E7A4F7556}") = "WebAppLinux", "WebAppLinux\WebAppLinux.csproj", "{5C1D4DB6-1AC0-4FFC-A570-535A4FAC4ED2}"
EndProject
Project("{FAE04EC0-301F-11D3-BF4B-00C04F79EFBC}") = "DAL", "DAL\DAL.csproj", "{EC9D430D-4511-4309-8DA1-FD944999C0D7}"
EndProject
Global
	GlobalSection(SolutionConfigurationPlatforms) = preSolution
		Debug|Any CPU = Debug|Any CPU
		Release|Any CPU = Release|Any CPU
	EndGlobalSection
	GlobalSection(ProjectConfigurationPlatforms) = postSolution
		{5C1D4DB6-1AC0-4FFC-A570-535A4FAC4ED2}.Debug|Any CPU.ActiveCfg = Debug|Any CPU
		{5C1D4DB6-1AC0-4FFC-A570-535A4FAC4ED2}.Debug|Any CPU.Build.0 = Debug|Any CPU
		{5C1D4DB6-1AC0-4FFC-A570-535A4FAC4ED2}.Release|Any CPU.ActiveCfg = Release|Any CPU
		{5C1D4DB6-1AC0-4FFC-A570-535A4FAC4ED2}.Release|Any CPU.Build.0 = Release|Any CPU
		{EC9D430D-4511-4309-8DA1-FD944999C0D7}.Debug|Any CPU.ActiveCfg = Debug|Any CPU
		{EC9D430D-4511-4309-8DA1-FD944999C0D7}.Debug|Any CPU.Build.0 = Debug|Any CPU
		{EC9D430D-4511-4309-8DA1-FD944999C0D7}.Release|Any CPU.ActiveCfg = Release|Any CPU
		{EC9D430D-4511-4309-8DA1-FD944999C0D7}.Release|Any CPU.Build.0 = Release|Any CPU
	EndGlobalSection
	GlobalSection(SolutionProperties) = preSolution
		HideSolutionNode = FALSE
	EndGlobalSection
	GlobalSection(ExtensibilityGlobals) = postSolution
		SolutionGuid = {CA220E35-0C51-4928-AEF3-724F1FC94F2F}
	EndGlobalSection
EndGlobal
